
Microsoft Visual Studio Solution File, Format Version 12.00
# Visual Studio Version 16
VisualStudioVersion = 16.0.29806.167
MinimumVisualStudioVersion = 10.0.40219.1
Project("{FAE04EC0-301F-11D3-BF4B-00C04F79EFBC}") = "CSharp.Homework.Class05.Task01", "CSharp.Homework.Class05.Task01\CSharp.Homework.Class05.Task01.csproj", "{11480881-0FDB-4E27-801C-382E2B4B8961}"
EndProject
Project("{FAE04EC0-301F-11D3-BF4B-00C04F79EFBC}") = "CSharp.Homework.Class05.Task02", "CSharp.Homework.Class05.Task02\CSharp.Homework.Class05.Task02.csproj", "{BCD41B03-98C2-42C9-B325-D6818243445E}"
EndProject
Global
	GlobalSection(SolutionConfigurationPlatforms) = preSolution
		Debug|Any CPU = Debug|Any CPU
		Release|Any CPU = Release|Any CPU
	EndGlobalSection
	GlobalSection(ProjectConfigurationPlatforms) = postSolution
		{11480881-0FDB-4E27-801C-382E2B4B8961}.Debug|Any CPU.ActiveCfg = Debug|Any CPU
		{11480881-0FDB-4E27-801C-382E2B4B8961}.Debug|Any CPU.Build.0 = Debug|Any CPU
		{11480881-0FDB-4E27-801C-382E2B4B8961}.Release|Any CPU.ActiveCfg = Release|Any CPU
		{11480881-0FDB-4E27-801C-382E2B4B8961}.Release|Any CPU.Build.0 = Release|Any CPU
		{BCD41B03-98C2-42C9-B325-D6818243445E}.Debug|Any CPU.ActiveCfg = Debug|Any CPU
		{BCD41B03-98C2-42C9-B325-D6818243445E}.Debug|Any CPU.Build.0 = Debug|Any CPU
		{BCD41B03-98C2-42C9-B325-D6818243445E}.Release|Any CPU.ActiveCfg = Release|Any CPU
		{BCD41B03-98C2-42C9-B325-D6818243445E}.Release|Any CPU.Build.0 = Release|Any CPU
	EndGlobalSection
	GlobalSection(SolutionProperties) = preSolution
		HideSolutionNode = FALSE
	EndGlobalSection
	GlobalSection(ExtensibilityGlobals) = postSolution
		SolutionGuid = {034FC017-5270-4ABC-BDA5-4AEF6452F015}
	EndGlobalSection
EndGlobal
